{
  "name": "peta-muda",
  "version": "0.1.0",
  "lockfileVersion": 3,
  "requires": true,
  "packages": {
    "": {
      "name": "peta-muda",
      "version": "0.1.0",
      "dependencies": {
        "hyparquet": "^1.8.0",
        "hyparquet-compressors": "^1.1.1"
      },
      "devDependencies": {
        "hyparquet-writer": "^0.16.1"
      }
    },
    "node_modules/fzstd": {
      "version": "0.1.1",
      "resolved": "https://registry.npmjs.org/fzstd/-/fzstd-0.1.1.tgz",
      "integrity": "sha512-dkuVSOKKwh3eas5VkJy1AW1vFpet8TA/fGmVA5krThl8YcOVE/8ZIoEA1+U1vEn5ckxxhLirSdY837azmbaNHA==",
      "license": "MIT"
    },
    "node_modules/hyparquet": {
      "version": "1.26.2",
      "resolved": "https://registry.npmjs.org/hyparquet/-/hyparquet-1.26.2.tgz",
      "integrity": "sha512-6qjyK7R2tZ4vnYP1J8NpcCeDPK1UIYk3xh5XgtQUnUM1iwkYbvI6Mz3xtmpMd6AfCCeoUoJVbEq29k5GReZRWA==",
      "license": "MIT"
    },
    "node_modules/hyparquet-compressors": {
      "version": "1.1.1",
      "resolved": "https://registry.npmjs.org/hyparquet-compressors/-/hyparquet-compressors-1.1.1.tgz",
      "integrity": "sha512-yx7aA3Rhj0YycbdV71+XznQSLAefa4cT0urpgNXy4aM6eSeCknaVDNne8y45Uz74Fb15yyXUzOStlceOJBan7A==",
      "license": "MIT",
      "dependencies": {
        "fzstd": "0.1.1",
        "hysnappy": "1.0.0"
      }
    },
    "node_modules/hyparquet-writer": {
      "version": "0.16.1",
      "resolved": "https://registry.npmjs.org/hyparquet-writer/-/hyparquet-writer-0.16.1.tgz",
      "integrity": "sha512-vb87T2ub06kbEKZOQoHTbVwN0kXQPM5mnMuyTNqQPsOzf85qYBzyFG6R83CnXNhrlncdpRtXeKrbF3ZoLj26pg==",
      "dev": true,
      "license": "MIT",
      "dependencies": {
        "hyparquet": "1.26.1"
      }
    },
    "node_modules/hyparquet-writer/node_modules/hyparquet": {
      "version": "1.26.1",
      "resolved": "https://registry.npmjs.org/hyparquet/-/hyparquet-1.26.1.tgz",
      "integrity": "sha512-Me2psKksCqJGR8+TbalUYUyK4Ao+ReA6XmMSiOVPhOBswULbl3ojT06PQajyTafbNPW1vD0tCA7H6dXJAC1TPw==",
      "dev": true,
      "license": "MIT"
    },
    "node_modules/hysnappy": {
      "version": "1.0.0",
      "resolved": "https://registry.npmjs.org/hysnappy/-/hysnappy-1.0.0.tgz",
      "integrity": "sha512-MNrC4NfwDGPb889O6gIfEtbvEZCSWUsSEhsz4Oq2FRcpGtXHfeVz3KciSPp5Pnnz1NjFMgDQNfxdJozymJEDDA==",
      "license": "MIT"
    }
  }
}
